
Microsoft Visual Studio Solution File, Format Version 12.00
# Visual Studio Version 16
VisualStudioVersion = 16.0.29920.165
MinimumVisualStudioVersion = 10.0.40219.1
Project("{FAE04EC0-301F-11D3-BF4B-00C04F79EFBC}") = "ExamShahafElTarig1", "ExamShahafElTarig1.csproj", "{77F56259-517D-46CB-BFF1-21D064044185}"
EndProject
Global
	GlobalSection(SolutionConfigurationPlatforms) = preSolution
		Debug|Any CPU = Debug|Any CPU
		Release|Any CPU = Release|Any CPU
	EndGlobalSection
	GlobalSection(ProjectConfigurationPlatforms) = postSolution
		{77F56259-517D-46CB-BFF1-21D064044185}.Debug|Any CPU.ActiveCfg = Debug|Any CPU
		{77F56259-517D-46CB-BFF1-21D064044185}.Debug|Any CPU.Build.0 = Debug|Any CPU
		{77F56259-517D-46CB-BFF1-21D064044185}.Release|Any CPU.ActiveCfg = Release|Any CPU
		{77F56259-517D-46CB-BFF1-21D064044185}.Release|Any CPU.Build.0 = Release|Any CPU
	EndGlobalSection
	GlobalSection(SolutionProperties) = preSolution
		HideSolutionNode = FALSE
	EndGlobalSection
	GlobalSection(ExtensibilityGlobals) = postSolution
		SolutionGuid = {E499B5DB-07DE-45F9-B7C0-29AE3190BF18}
	EndGlobalSection
EndGlobal
